
Microsoft Visual Studio Solution File, Format Version 12.00
# Visual Studio 14
VisualStudioVersion = 14.0.25420.1
MinimumVisualStudioVersion = 10.0.40219.1
Project("{FAE04EC0-301F-11D3-BF4B-00C04F79EFBC}") = "Witters_Chp3_Tutorial_2_FuelEconomy", "Witters_Chp3_Tutorial_2_FuelEconomy\Witters_Chp3_Tutorial_2_FuelEconomy.csproj", "{0AD8C022-684E-4275-8BEF-BB3B6B29B803}"
EndProject
Global
	GlobalSection(SolutionConfigurationPlatforms) = preSolution
		Debug|Any CPU = Debug|Any CPU
		Release|Any CPU = Release|Any CPU
	EndGlobalSection
	GlobalSection(ProjectConfigurationPlatforms) = postSolution
		{0AD8C022-684E-4275-8BEF-BB3B6B29B803}.Debug|Any CPU.ActiveCfg = Debug|Any CPU
		{0AD8C022-684E-4275-8BEF-BB3B6B29B803}.Debug|Any CPU.Build.0 = Debug|Any CPU
		{0AD8C022-684E-4275-8BEF-BB3B6B29B803}.Release|Any CPU.ActiveCfg = Release|Any CPU
		{0AD8C022-684E-4275-8BEF-BB3B6B29B803}.Release|Any CPU.Build.0 = Release|Any CPU
	EndGlobalSection
	GlobalSection(SolutionProperties) = preSolution
		HideSolutionNode = FALSE
	EndGlobalSection
EndGlobal
