
Microsoft Visual Studio Solution File, Format Version 12.00
# Visual Studio 14
VisualStudioVersion = 14.0.25420.1
MinimumVisualStudioVersion = 10.0.40219.1
Project("{FAE04EC0-301F-11D3-BF4B-00C04F79EFBC}") = "M4PP4_Witter", "M4PP4_Witter\M4PP4_Witter.csproj", "{22793AEC-1AE5-4CBB-9A88-DF497110DEB0}"
EndProject
Project("{FAE04EC0-301F-11D3-BF4B-00C04F79EFBC}") = "ClassLibrary", "ClassLibrary\ClassLibrary.csproj", "{29EC2751-D2B5-496A-81CA-D535BC9ABC9C}"
EndProject
Global
	GlobalSection(SolutionConfigurationPlatforms) = preSolution
		Debug|Any CPU = Debug|Any CPU
		Release|Any CPU = Release|Any CPU
	EndGlobalSection
	GlobalSection(ProjectConfigurationPlatforms) = postSolution
		{22793AEC-1AE5-4CBB-9A88-DF497110DEB0}.Debug|Any CPU.ActiveCfg = Debug|Any CPU
		{22793AEC-1AE5-4CBB-9A88-DF497110DEB0}.Debug|Any CPU.Build.0 = Debug|Any CPU
		{22793AEC-1AE5-4CBB-9A88-DF497110DEB0}.Release|Any CPU.ActiveCfg = Release|Any CPU
		{22793AEC-1AE5-4CBB-9A88-DF497110DEB0}.Release|Any CPU.Build.0 = Release|Any CPU
		{29EC2751-D2B5-496A-81CA-D535BC9ABC9C}.Debug|Any CPU.ActiveCfg = Debug|Any CPU
		{29EC2751-D2B5-496A-81CA-D535BC9ABC9C}.Debug|Any CPU.Build.0 = Debug|Any CPU
		{29EC2751-D2B5-496A-81CA-D535BC9ABC9C}.Release|Any CPU.ActiveCfg = Release|Any CPU
		{29EC2751-D2B5-496A-81CA-D535BC9ABC9C}.Release|Any CPU.Build.0 = Release|Any CPU
	EndGlobalSection
	GlobalSection(SolutionProperties) = preSolution
		HideSolutionNode = FALSE
	EndGlobalSection
EndGlobal
