
Microsoft Visual Studio Solution File, Format Version 12.00
# Visual Studio 14
VisualStudioVersion = 14.0.25420.1
MinimumVisualStudioVersion = 10.0.40219.1
Project("{FAE04EC0-301F-11D3-BF4B-00C04F79EFBC}") = "DungeonCrawl1_Witter", "DungeonCrawl1_Witter\DungeonCrawl1_Witter.csproj", "{4E364C07-F30D-41CC-83DE-E24C5772AC9B}"
EndProject
Project("{FAE04EC0-301F-11D3-BF4B-00C04F79EFBC}") = "ClassLibrary", "ClassLibrary\ClassLibrary.csproj", "{2642395D-66BF-4261-A41F-A260030B1332}"
EndProject
Global
	GlobalSection(SolutionConfigurationPlatforms) = preSolution
		Debug|Any CPU = Debug|Any CPU
		Release|Any CPU = Release|Any CPU
	EndGlobalSection
	GlobalSection(ProjectConfigurationPlatforms) = postSolution
		{4E364C07-F30D-41CC-83DE-E24C5772AC9B}.Debug|Any CPU.ActiveCfg = Debug|Any CPU
		{4E364C07-F30D-41CC-83DE-E24C5772AC9B}.Debug|Any CPU.Build.0 = Debug|Any CPU
		{4E364C07-F30D-41CC-83DE-E24C5772AC9B}.Release|Any CPU.ActiveCfg = Release|Any CPU
		{4E364C07-F30D-41CC-83DE-E24C5772AC9B}.Release|Any CPU.Build.0 = Release|Any CPU
		{2642395D-66BF-4261-A41F-A260030B1332}.Debug|Any CPU.ActiveCfg = Debug|Any CPU
		{2642395D-66BF-4261-A41F-A260030B1332}.Debug|Any CPU.Build.0 = Debug|Any CPU
		{2642395D-66BF-4261-A41F-A260030B1332}.Release|Any CPU.ActiveCfg = Release|Any CPU
		{2642395D-66BF-4261-A41F-A260030B1332}.Release|Any CPU.Build.0 = Release|Any CPU
	EndGlobalSection
	GlobalSection(SolutionProperties) = preSolution
		HideSolutionNode = FALSE
	EndGlobalSection
EndGlobal
