
Microsoft Visual Studio Solution File, Format Version 12.00
# Visual Studio 14
VisualStudioVersion = 14.0.25420.1
MinimumVisualStudioVersion = 10.0.40219.1
Project("{FAE04EC0-301F-11D3-BF4B-00C04F79EFBC}") = "Witters_HW10_10_RockPaperScissors", "Witters_HW10_10_RockPaperScissors\Witters_HW10_10_RockPaperScissors.csproj", "{8D42961D-D545-4903-A3AA-F9FD79064638}"
EndProject
Global
	GlobalSection(SolutionConfigurationPlatforms) = preSolution
		Debug|Any CPU = Debug|Any CPU
		Release|Any CPU = Release|Any CPU
	EndGlobalSection
	GlobalSection(ProjectConfigurationPlatforms) = postSolution
		{8D42961D-D545-4903-A3AA-F9FD79064638}.Debug|Any CPU.ActiveCfg = Debug|Any CPU
		{8D42961D-D545-4903-A3AA-F9FD79064638}.Debug|Any CPU.Build.0 = Debug|Any CPU
		{8D42961D-D545-4903-A3AA-F9FD79064638}.Release|Any CPU.ActiveCfg = Release|Any CPU
		{8D42961D-D545-4903-A3AA-F9FD79064638}.Release|Any CPU.Build.0 = Release|Any CPU
	EndGlobalSection
	GlobalSection(SolutionProperties) = preSolution
		HideSolutionNode = FALSE
	EndGlobalSection
EndGlobal
