
Microsoft Visual Studio Solution File, Format Version 12.00
# Visual Studio 14
VisualStudioVersion = 14.0.25420.1
MinimumVisualStudioVersion = 10.0.40219.1
Project("{FAE04EC0-301F-11D3-BF4B-00C04F79EFBC}") = "WItters_HW4_2_TipTaxAndTotal", "WItters_HW4_2_TipTaxAndTotal\WItters_HW4_2_TipTaxAndTotal.csproj", "{62165245-22DB-4559-B872-1F5B1B40876E}"
EndProject
Global
	GlobalSection(SolutionConfigurationPlatforms) = preSolution
		Debug|Any CPU = Debug|Any CPU
		Release|Any CPU = Release|Any CPU
	EndGlobalSection
	GlobalSection(ProjectConfigurationPlatforms) = postSolution
		{62165245-22DB-4559-B872-1F5B1B40876E}.Debug|Any CPU.ActiveCfg = Debug|Any CPU
		{62165245-22DB-4559-B872-1F5B1B40876E}.Debug|Any CPU.Build.0 = Debug|Any CPU
		{62165245-22DB-4559-B872-1F5B1B40876E}.Release|Any CPU.ActiveCfg = Release|Any CPU
		{62165245-22DB-4559-B872-1F5B1B40876E}.Release|Any CPU.Build.0 = Release|Any CPU
	EndGlobalSection
	GlobalSection(SolutionProperties) = preSolution
		HideSolutionNode = FALSE
	EndGlobalSection
EndGlobal
