
Microsoft Visual Studio Solution File, Format Version 12.00
# Visual Studio 14
VisualStudioVersion = 14.0.25420.1
MinimumVisualStudioVersion = 10.0.40219.1
Project("{FAE04EC0-301F-11D3-BF4B-00C04F79EFBC}") = "M4PP3_Witter", "M4PP3_Witter\M4PP3_Witter.csproj", "{9CE96519-546B-4B7A-AB70-9628D2175537}"
EndProject
Project("{FAE04EC0-301F-11D3-BF4B-00C04F79EFBC}") = "ClassLibrary", "ClassLibrary\ClassLibrary.csproj", "{EB567114-C89B-4E4C-9E73-68963CD1CB36}"
EndProject
Global
	GlobalSection(SolutionConfigurationPlatforms) = preSolution
		Debug|Any CPU = Debug|Any CPU
		Release|Any CPU = Release|Any CPU
	EndGlobalSection
	GlobalSection(ProjectConfigurationPlatforms) = postSolution
		{9CE96519-546B-4B7A-AB70-9628D2175537}.Debug|Any CPU.ActiveCfg = Debug|Any CPU
		{9CE96519-546B-4B7A-AB70-9628D2175537}.Debug|Any CPU.Build.0 = Debug|Any CPU
		{9CE96519-546B-4B7A-AB70-9628D2175537}.Release|Any CPU.ActiveCfg = Release|Any CPU
		{9CE96519-546B-4B7A-AB70-9628D2175537}.Release|Any CPU.Build.0 = Release|Any CPU
		{EB567114-C89B-4E4C-9E73-68963CD1CB36}.Debug|Any CPU.ActiveCfg = Debug|Any CPU
		{EB567114-C89B-4E4C-9E73-68963CD1CB36}.Debug|Any CPU.Build.0 = Debug|Any CPU
		{EB567114-C89B-4E4C-9E73-68963CD1CB36}.Release|Any CPU.ActiveCfg = Release|Any CPU
		{EB567114-C89B-4E4C-9E73-68963CD1CB36}.Release|Any CPU.Build.0 = Release|Any CPU
	EndGlobalSection
	GlobalSection(SolutionProperties) = preSolution
		HideSolutionNode = FALSE
	EndGlobalSection
EndGlobal
